
Microsoft Visual Studio Solution File, Format Version 12.00
# Visual Studio Version 17
VisualStudioVersion = 17.0.31903.59
MinimumVisualStudioVersion = 10.0.40219.1
Project("{9A19103F-16F7-4668-BE54-9A1E7A4F7556}") = "NonstandardPhysicsSolver.Tests", "nonstandard-physics-solver.Tests\NonstandardPhysicsSolver.Tests.csproj", "{CF6B4A5A-3B22-4EA0-8F5D-CEB6950EE544}"
EndProject
Project("{9A19103F-16F7-4668-BE54-9A1E7A4F7556}") = "NonstandardPhysicsSolver", "nonstandard-physics-solver\NonstandardPhysicsSolver.csproj", "{4360F651-376C-42DC-A517-FF7793B667FC}"
EndProject
Global
	GlobalSection(SolutionConfigurationPlatforms) = preSolution
		Debug|Any CPU = Debug|Any CPU
		Release|Any CPU = Release|Any CPU
	EndGlobalSection
	GlobalSection(ProjectConfigurationPlatforms) = postSolution
		{CF6B4A5A-3B22-4EA0-8F5D-CEB6950EE544}.Debug|Any CPU.ActiveCfg = Debug|Any CPU
		{CF6B4A5A-3B22-4EA0-8F5D-CEB6950EE544}.Debug|Any CPU.Build.0 = Debug|Any CPU
		{CF6B4A5A-3B22-4EA0-8F5D-CEB6950EE544}.Release|Any CPU.ActiveCfg = Release|Any CPU
		{CF6B4A5A-3B22-4EA0-8F5D-CEB6950EE544}.Release|Any CPU.Build.0 = Release|Any CPU
		{4360F651-376C-42DC-A517-FF7793B667FC}.Debug|Any CPU.ActiveCfg = Debug|Any CPU
		{4360F651-376C-42DC-A517-FF7793B667FC}.Debug|Any CPU.Build.0 = Debug|Any CPU
		{4360F651-376C-42DC-A517-FF7793B667FC}.Release|Any CPU.ActiveCfg = Release|Any CPU
		{4360F651-376C-42DC-A517-FF7793B667FC}.Release|Any CPU.Build.0 = Release|Any CPU
	EndGlobalSection
	GlobalSection(SolutionProperties) = preSolution
		HideSolutionNode = FALSE
	EndGlobalSection
	GlobalSection(ExtensibilityGlobals) = postSolution
		SolutionGuid = {72E61D05-3A46-4F56-A1BE-1F6DA2E60FAF}
	EndGlobalSection
EndGlobal
